
Microsoft Visual Studio Solution File, Format Version 12.00
# Visual Studio Version 17
VisualStudioVersion = 17.2.32616.157
MinimumVisualStudioVersion = 10.0.40219.1
Project("{9A19103F-16F7-4668-BE54-9A1E7A4F7556}") = "WebApplicationTest", "WebApplicationTest\WebApplicationTest.csproj", "{518429F8-2E2D-48B2-9DA1-650D81EE7131}"
EndProject
Project("{54A90642-561A-4BB1-A94E-469ADEE60C69}") = "FrontEnd", "FrontEnd\FrontEnd.esproj", "{55606029-D465-4671-A5FB-0933C7D00C3E}"
EndProject
Global
	GlobalSection(SolutionConfigurationPlatforms) = preSolution
		Debug|Any CPU = Debug|Any CPU
		Release|Any CPU = Release|Any CPU
	EndGlobalSection
	GlobalSection(ProjectConfigurationPlatforms) = postSolution
		{518429F8-2E2D-48B2-9DA1-650D81EE7131}.Debug|Any CPU.ActiveCfg = Debug|Any CPU
		{518429F8-2E2D-48B2-9DA1-650D81EE7131}.Debug|Any CPU.Build.0 = Debug|Any CPU
		{518429F8-2E2D-48B2-9DA1-650D81EE7131}.Release|Any CPU.ActiveCfg = Release|Any CPU
		{518429F8-2E2D-48B2-9DA1-650D81EE7131}.Release|Any CPU.Build.0 = Release|Any CPU
		{55606029-D465-4671-A5FB-0933C7D00C3E}.Debug|Any CPU.ActiveCfg = Debug|Any CPU
		{55606029-D465-4671-A5FB-0933C7D00C3E}.Debug|Any CPU.Build.0 = Debug|Any CPU
		{55606029-D465-4671-A5FB-0933C7D00C3E}.Debug|Any CPU.Deploy.0 = Debug|Any CPU
		{55606029-D465-4671-A5FB-0933C7D00C3E}.Release|Any CPU.ActiveCfg = Release|Any CPU
		{55606029-D465-4671-A5FB-0933C7D00C3E}.Release|Any CPU.Build.0 = Release|Any CPU
		{55606029-D465-4671-A5FB-0933C7D00C3E}.Release|Any CPU.Deploy.0 = Release|Any CPU
	EndGlobalSection
	GlobalSection(SolutionProperties) = preSolution
		HideSolutionNode = FALSE
	EndGlobalSection
	GlobalSection(ExtensibilityGlobals) = postSolution
		SolutionGuid = {F86C1C0F-5165-42DF-97D5-88CE3FB69632}
	EndGlobalSection
EndGlobal
